// !$*UTF8*$!
{
	archiveVersion = 1;
	classes = {
	};
	objectVersion = 56;
	objects = {

/* Begin PBXBuildFile section */
		A1000001 /* OmniChatApp.swift in Sources */ = {isa = PBXBuildFile; fileRef = A2000001 /* OmniChatApp.swift */; };
		A1000002 /* Conversation.swift in Sources */ = {isa = PBXBuildFile; fileRef = A2000002 /* Conversation.swift */; };
		A1000003 /* Message.swift in Sources */ = {isa = PBXBuildFile; fileRef = A2000003 /* Message.swift */; };
		A1000004 /* APIProvider.swift in Sources */ = {isa = PBXBuildFile; fileRef = A2000004 /* APIProvider.swift */; };
		A1000005 /* MainView.swift in Sources */ = {isa = PBXBuildFile; fileRef = A2000005 /* MainView.swift */; };
		A1000006 /* SidebarView.swift in Sources */ = {isa = PBXBuildFile; fileRef = A2000006 /* SidebarView.swift */; };
		A1000007 /* ConversationRow.swift in Sources */ = {isa = PBXBuildFile; fileRef = A2000007 /* ConversationRow.swift */; };
		A1000008 /* ChatView.swift in Sources */ = {isa = PBXBuildFile; fileRef = A2000008 /* ChatView.swift */; };
		A1000009 /* MessageView.swift in Sources */ = {isa = PBXBuildFile; fileRef = A2000009 /* MessageView.swift */; };
		A100000A /* MessageInputView.swift in Sources */ = {isa = PBXBuildFile; fileRef = A200000A /* MessageInputView.swift */; };
		A100000B /* ModelSelectorView.swift in Sources */ = {isa = PBXBuildFile; fileRef = A200000B /* ModelSelectorView.swift */; };
		A100000C /* SettingsView.swift in Sources */ = {isa = PBXBuildFile; fileRef = A200000C /* SettingsView.swift */; };
		A100000D /* APIKeyRow.swift in Sources */ = {isa = PBXBuildFile; fileRef = A200000D /* APIKeyRow.swift */; };
		A100000E /* Assets.xcassets in Resources */ = {isa = PBXBuildFile; fileRef = A200000E /* Assets.xcassets */; };
		A100000F /* WelcomeView.swift in Sources */ = {isa = PBXBuildFile; fileRef = A2000011 /* WelcomeView.swift */; };
		A1000010 /* KeychainService.swift in Sources */ = {isa = PBXBuildFile; fileRef = A2000012 /* KeychainService.swift */; };
		A1000011 /* APIServiceProtocol.swift in Sources */ = {isa = PBXBuildFile; fileRef = A2000013 /* APIServiceProtocol.swift */; };
		A1000012 /* OpenAIService.swift in Sources */ = {isa = PBXBuildFile; fileRef = A2000014 /* OpenAIService.swift */; };
		A1000013 /* AnthropicService.swift in Sources */ = {isa = PBXBuildFile; fileRef = A2000015 /* AnthropicService.swift */; };
		A1000014 /* GoogleAIService.swift in Sources */ = {isa = PBXBuildFile; fileRef = A2000016 /* GoogleAIService.swift */; };
		A1000015 /* MarkdownView.swift in Sources */ = {isa = PBXBuildFile; fileRef = A2000017 /* MarkdownView.swift */; };
		A1000019 /* Attachment.swift in Sources */ = {isa = PBXBuildFile; fileRef = A2000019 /* Attachment.swift */; };
		A100001A /* AttachmentPreviewView.swift in Sources */ = {isa = PBXBuildFile; fileRef = A200001A /* AttachmentPreviewView.swift */; };
		A100001B /* AttachmentDisplayView.swift in Sources */ = {isa = PBXBuildFile; fileRef = A200001B /* AttachmentDisplayView.swift */; };
		A100001C /* TitleGenerationService.swift in Sources */ = {isa = PBXBuildFile; fileRef = A200001C /* TitleGenerationService.swift */; };
		A1000029 /* DefaultMemoryService.swift in Sources */ = {isa = PBXBuildFile; fileRef = A2000029 /* DefaultMemoryService.swift */; };
		A100001D /* MemoryType.swift in Sources */ = {isa = PBXBuildFile; fileRef = A200001D /* MemoryType.swift */; };
		A100001E /* MemoryItem.swift in Sources */ = {isa = PBXBuildFile; fileRef = A200001E /* MemoryItem.swift */; };
		A100001F /* Workspace.swift in Sources */ = {isa = PBXBuildFile; fileRef = A200001F /* Workspace.swift */; };
		A1000025 /* FileIndexEntry.swift in Sources */ = {isa = PBXBuildFile; fileRef = A2000025 /* FileIndexEntry.swift */; };
		A1000020 /* MemoryRow.swift in Sources */ = {isa = PBXBuildFile; fileRef = A2000020 /* MemoryRow.swift */; };
		A1000021 /* MemoryFilterBar.swift in Sources */ = {isa = PBXBuildFile; fileRef = A2000021 /* MemoryFilterBar.swift */; };
		A1000022 /* MemoryPanelView.swift in Sources */ = {isa = PBXBuildFile; fileRef = A2000022 /* MemoryPanelView.swift */; };
		A1000023 /* MemoryEditorView.swift in Sources */ = {isa = PBXBuildFile; fileRef = A2000023 /* MemoryEditorView.swift */; };
		A1000024 /* ChatMemoryContextView.swift in Sources */ = {isa = PBXBuildFile; fileRef = A2000024 /* ChatMemoryContextView.swift */; };
		A1000026 /* SecurityScopedBookmarkService.swift in Sources */ = {isa = PBXBuildFile; fileRef = A2000026 /* SecurityScopedBookmarkService.swift */; };
		A1000027 /* FileIndexer.swift in Sources */ = {isa = PBXBuildFile; fileRef = A2000027 /* FileIndexer.swift */; };
		A1000028 /* FileRetriever.swift in Sources */ = {isa = PBXBuildFile; fileRef = A2000028 /* FileRetriever.swift */; };
		A17B4A5B /* WorkspacePanelView.swift in Sources */ = {isa = PBXBuildFile; fileRef = A2DFB60D /* WorkspacePanelView.swift */; };
		A199A2B2 /* WorkspaceCreationView.swift in Sources */ = {isa = PBXBuildFile; fileRef = A2BADB46 /* WorkspaceCreationView.swift */; };
		A1C222CC /* WorkspaceDetailView.swift in Sources */ = {isa = PBXBuildFile; fileRef = A2B39E0F /* WorkspaceDetailView.swift */; };
		A100002A /* EmbeddingService.swift in Sources */ = {isa = PBXBuildFile; fileRef = A200002A /* EmbeddingService.swift */; };
		A100002B /* SummaryService.swift in Sources */ = {isa = PBXBuildFile; fileRef = A200002B /* SummaryService.swift */; };
		A100002C /* RAGService.swift in Sources */ = {isa = PBXBuildFile; fileRef = A200002C /* RAGService.swift */; };
		A100002D /* ChatGPTExportModels.swift in Sources */ = {isa = PBXBuildFile; fileRef = A200002D /* ChatGPTExportModels.swift */; };
		A100002E /* ChatGPTImportService.swift in Sources */ = {isa = PBXBuildFile; fileRef = A200002E /* ChatGPTImportService.swift */; };
		A100002F /* ImportDataView.swift in Sources */ = {isa = PBXBuildFile; fileRef = A200002F /* ImportDataView.swift */; };
		A1000030 /* UpdateCheckService.swift in Sources */ = {isa = PBXBuildFile; fileRef = A2000030 /* UpdateCheckService.swift */; };
		A1000031 /* UpdateBannerView.swift in Sources */ = {isa = PBXBuildFile; fileRef = A2000031 /* UpdateBannerView.swift */; };
		A1000032 /* ReleaseNotesView.swift in Sources */ = {isa = PBXBuildFile; fileRef = A2000032 /* ReleaseNotesView.swift */; };
/* End PBXBuildFile section */

/* Begin PBXFileReference section */
		A2000001 /* OmniChatApp.swift */ = {isa = PBXFileReference; lastKnownFileType = sourcecode.swift; path = OmniChatApp.swift; sourceTree = "<group>"; };
		A2000002 /* Conversation.swift */ = {isa = PBXFileReference; lastKnownFileType = sourcecode.swift; path = Conversation.swift; sourceTree = "<group>"; };
		A2000003 /* Message.swift */ = {isa = PBXFileReference; lastKnownFileType = sourcecode.swift; path = Message.swift; sourceTree = "<group>"; };
		A2000004 /* APIProvider.swift */ = {isa = PBXFileReference; lastKnownFileType = sourcecode.swift; path = APIProvider.swift; sourceTree = "<group>"; };
		A2000005 /* MainView.swift */ = {isa = PBXFileReference; lastKnownFileType = sourcecode.swift; path = MainView.swift; sourceTree = "<group>"; };
		A2000006 /* SidebarView.swift */ = {isa = PBXFileReference; lastKnownFileType = sourcecode.swift; path = SidebarView.swift; sourceTree = "<group>"; };
		A2000007 /* ConversationRow.swift */ = {isa = PBXFileReference; lastKnownFileType = sourcecode.swift; path = ConversationRow.swift; sourceTree = "<group>"; };
		A2000008 /* ChatView.swift */ = {isa = PBXFileReference; lastKnownFileType = sourcecode.swift; path = ChatView.swift; sourceTree = "<group>"; };
		A2000009 /* MessageView.swift */ = {isa = PBXFileReference; lastKnownFileType = sourcecode.swift; path = MessageView.swift; sourceTree = "<group>"; };
		A200000A /* MessageInputView.swift */ = {isa = PBXFileReference; lastKnownFileType = sourcecode.swift; path = MessageInputView.swift; sourceTree = "<group>"; };
		A200000B /* ModelSelectorView.swift */ = {isa = PBXFileReference; lastKnownFileType = sourcecode.swift; path = ModelSelectorView.swift; sourceTree = "<group>"; };
		A200000C /* SettingsView.swift */ = {isa = PBXFileReference; lastKnownFileType = sourcecode.swift; path = SettingsView.swift; sourceTree = "<group>"; };
		A200000D /* APIKeyRow.swift */ = {isa = PBXFileReference; lastKnownFileType = sourcecode.swift; path = APIKeyRow.swift; sourceTree = "<group>"; };
		A200000E /* Assets.xcassets */ = {isa = PBXFileReference; lastKnownFileType = folder.assetcatalog; path = Assets.xcassets; sourceTree = "<group>"; };
		A200000F /* OmniChat.entitlements */ = {isa = PBXFileReference; lastKnownFileType = text.plist.entitlements; path = OmniChat.entitlements; sourceTree = "<group>"; };
		A2000010 /* OmniChat.app */ = {isa = PBXFileReference; explicitFileType = wrapper.application; includeInIndex = 0; path = OmniChat.app; sourceTree = BUILT_PRODUCTS_DIR; };
		A2000011 /* WelcomeView.swift */ = {isa = PBXFileReference; lastKnownFileType = sourcecode.swift; path = WelcomeView.swift; sourceTree = "<group>"; };
		A2000012 /* KeychainService.swift */ = {isa = PBXFileReference; lastKnownFileType = sourcecode.swift; path = KeychainService.swift; sourceTree = "<group>"; };
		A2000013 /* APIServiceProtocol.swift */ = {isa = PBXFileReference; lastKnownFileType = sourcecode.swift; path = APIServiceProtocol.swift; sourceTree = "<group>"; };
		A2000014 /* OpenAIService.swift */ = {isa = PBXFileReference; lastKnownFileType = sourcecode.swift; path = OpenAIService.swift; sourceTree = "<group>"; };
		A2000015 /* AnthropicService.swift */ = {isa = PBXFileReference; lastKnownFileType = sourcecode.swift; path = AnthropicService.swift; sourceTree = "<group>"; };
		A2000016 /* GoogleAIService.swift */ = {isa = PBXFileReference; lastKnownFileType = sourcecode.swift; path = GoogleAIService.swift; sourceTree = "<group>"; };
		A2000017 /* MarkdownView.swift */ = {isa = PBXFileReference; lastKnownFileType = sourcecode.swift; path = MarkdownView.swift; sourceTree = "<group>"; };
		A2000019 /* Attachment.swift */ = {isa = PBXFileReference; lastKnownFileType = sourcecode.swift; path = Attachment.swift; sourceTree = "<group>"; };
		A200001A /* AttachmentPreviewView.swift */ = {isa = PBXFileReference; lastKnownFileType = sourcecode.swift; path = AttachmentPreviewView.swift; sourceTree = "<group>"; };
		A200001B /* AttachmentDisplayView.swift */ = {isa = PBXFileReference; lastKnownFileType = sourcecode.swift; path = AttachmentDisplayView.swift; sourceTree = "<group>"; };
		A200001C /* TitleGenerationService.swift */ = {isa = PBXFileReference; lastKnownFileType = sourcecode.swift; path = TitleGenerationService.swift; sourceTree = "<group>"; };
		A2000029 /* DefaultMemoryService.swift */ = {isa = PBXFileReference; lastKnownFileType = sourcecode.swift; path = DefaultMemoryService.swift; sourceTree = "<group>"; };
		A200001D /* MemoryType.swift */ = {isa = PBXFileReference; lastKnownFileType = sourcecode.swift; path = MemoryType.swift; sourceTree = "<group>"; };
		A200001E /* MemoryItem.swift */ = {isa = PBXFileReference; lastKnownFileType = sourcecode.swift; path = MemoryItem.swift; sourceTree = "<group>"; };
		A200001F /* Workspace.swift */ = {isa = PBXFileReference; lastKnownFileType = sourcecode.swift; path = Workspace.swift; sourceTree = "<group>"; };
		A2000025 /* FileIndexEntry.swift */ = {isa = PBXFileReference; lastKnownFileType = sourcecode.swift; path = FileIndexEntry.swift; sourceTree = "<group>"; };
		A2000020 /* MemoryRow.swift */ = {isa = PBXFileReference; lastKnownFileType = sourcecode.swift; path = MemoryRow.swift; sourceTree = "<group>"; };
		A2000021 /* MemoryFilterBar.swift */ = {isa = PBXFileReference; lastKnownFileType = sourcecode.swift; path = MemoryFilterBar.swift; sourceTree = "<group>"; };
		A2000022 /* MemoryPanelView.swift */ = {isa = PBXFileReference; lastKnownFileType = sourcecode.swift; path = MemoryPanelView.swift; sourceTree = "<group>"; };
		A2000023 /* MemoryEditorView.swift */ = {isa = PBXFileReference; lastKnownFileType = sourcecode.swift; path = MemoryEditorView.swift; sourceTree = "<group>"; };
		A2000024 /* ChatMemoryContextView.swift */ = {isa = PBXFileReference; lastKnownFileType = sourcecode.swift; path = ChatMemoryContextView.swift; sourceTree = "<group>"; };
		A2000026 /* SecurityScopedBookmarkService.swift */ = {isa = PBXFileReference; lastKnownFileType = sourcecode.swift; path = SecurityScopedBookmarkService.swift; sourceTree = "<group>"; };
		A2000027 /* FileIndexer.swift */ = {isa = PBXFileReference; lastKnownFileType = sourcecode.swift; path = FileIndexer.swift; sourceTree = "<group>"; };
		A2000028 /* FileRetriever.swift */ = {isa = PBXFileReference; lastKnownFileType = sourcecode.swift; path = FileRetriever.swift; sourceTree = "<group>"; };
		A2DFB60D /* WorkspacePanelView.swift */ = {isa = PBXFileReference; lastKnownFileType = sourcecode.swift; path = WorkspacePanelView.swift; sourceTree = "<group>"; };
		A2BADB46 /* WorkspaceCreationView.swift */ = {isa = PBXFileReference; lastKnownFileType = sourcecode.swift; path = WorkspaceCreationView.swift; sourceTree = "<group>"; };
		A2B39E0F /* WorkspaceDetailView.swift */ = {isa = PBXFileReference; lastKnownFileType = sourcecode.swift; path = WorkspaceDetailView.swift; sourceTree = "<group>"; };
		A200002A /* EmbeddingService.swift */ = {isa = PBXFileReference; lastKnownFileType = sourcecode.swift; path = EmbeddingService.swift; sourceTree = "<group>"; };
		A200002B /* SummaryService.swift */ = {isa = PBXFileReference; lastKnownFileType = sourcecode.swift; path = SummaryService.swift; sourceTree = "<group>"; };
		A200002C /* RAGService.swift */ = {isa = PBXFileReference; lastKnownFileType = sourcecode.swift; path = RAGService.swift; sourceTree = "<group>"; };
		A200002D /* ChatGPTExportModels.swift */ = {isa = PBXFileReference; lastKnownFileType = sourcecode.swift; path = ChatGPTExportModels.swift; sourceTree = "<group>"; };
		A200002E /* ChatGPTImportService.swift */ = {isa = PBXFileReference; lastKnownFileType = sourcecode.swift; path = ChatGPTImportService.swift; sourceTree = "<group>"; };
		A200002F /* ImportDataView.swift */ = {isa = PBXFileReference; lastKnownFileType = sourcecode.swift; path = ImportDataView.swift; sourceTree = "<group>"; };
		A2000030 /* UpdateCheckService.swift */ = {isa = PBXFileReference; lastKnownFileType = sourcecode.swift; path = UpdateCheckService.swift; sourceTree = "<group>"; };
		A2000031 /* UpdateBannerView.swift */ = {isa = PBXFileReference; lastKnownFileType = sourcecode.swift; path = UpdateBannerView.swift; sourceTree = "<group>"; };
		A2000032 /* ReleaseNotesView.swift */ = {isa = PBXFileReference; lastKnownFileType = sourcecode.swift; path = ReleaseNotesView.swift; sourceTree = "<group>"; };
/* End PBXFileReference section */

/* Begin PBXFrameworksBuildPhase section */
		A3000001 /* Frameworks */ = {
			isa = PBXFrameworksBuildPhase;
			buildActionMask = 2147483647;
			files = (
			);
			runOnlyForDeploymentPostprocessing = 0;
		};
/* End PBXFrameworksBuildPhase section */

/* Begin PBXGroup section */
		A4000001 = {
			isa = PBXGroup;
			children = (
				A4000002 /* OmniChat */,
				A4000003 /* Products */,
			);
			sourceTree = "<group>";
		};
		A4000002 /* OmniChat */ = {
			isa = PBXGroup;
			children = (
				A4000004 /* App */,
				A4000005 /* Models */,
				A400000C /* Services */,
				A4000006 /* Views */,
				A4000007 /* Resources */,
				A200000F /* OmniChat.entitlements */,
			);
			path = OmniChat;
			sourceTree = "<group>";
		};
		A4000003 /* Products */ = {
			isa = PBXGroup;
			children = (
				A2000010 /* OmniChat.app */,
			);
			name = Products;
			sourceTree = "<group>";
		};
		A4000004 /* App */ = {
			isa = PBXGroup;
			children = (
				A2000001 /* OmniChatApp.swift */,
			);
			path = App;
			sourceTree = "<group>";
		};
		A4000005 /* Models */ = {
			isa = PBXGroup;
			children = (
				A2000002 /* Conversation.swift */,
				A2000003 /* Message.swift */,
				A2000004 /* APIProvider.swift */,
				A2000019 /* Attachment.swift */,
				A200001D /* MemoryType.swift */,
				A200001E /* MemoryItem.swift */,
				A200001F /* Workspace.swift */,
				A2000025 /* FileIndexEntry.swift */,
				A200002D /* ChatGPTExportModels.swift */,
			);
			path = Models;
			sourceTree = "<group>";
		};
		A4000006 /* Views */ = {
			isa = PBXGroup;
			children = (
				A2000005 /* MainView.swift */,
				A4000008 /* Sidebar */,
				A4000009 /* Chat */,
				A400000A /* Settings */,
				A400000B /* Components */,
				A4207438 /* Workspace */,
				A400000E /* Memory */,
			);
			path = Views;
			sourceTree = "<group>";
		};
		A4000007 /* Resources */ = {
			isa = PBXGroup;
			children = (
				A200000E /* Assets.xcassets */,
			);
			path = Resources;
			sourceTree = "<group>";
		};
		A4000008 /* Sidebar */ = {
			isa = PBXGroup;
			children = (
				A2000006 /* SidebarView.swift */,
				A2000007 /* ConversationRow.swift */,
			);
			path = Sidebar;
			sourceTree = "<group>";
		};
		A4000009 /* Chat */ = {
			isa = PBXGroup;
			children = (
				A2000008 /* ChatView.swift */,
				A2000009 /* MessageView.swift */,
				A200000A /* MessageInputView.swift */,
				A200000B /* ModelSelectorView.swift */,
				A2000024 /* ChatMemoryContextView.swift */,
			);
			path = Chat;
			sourceTree = "<group>";
		};
		A400000A /* Settings */ = {
			isa = PBXGroup;
			children = (
				A200000C /* SettingsView.swift */,
				A200000D /* APIKeyRow.swift */,
				A200002F /* ImportDataView.swift */,
			);
			path = Settings;
			sourceTree = "<group>";
		};
		A400000B /* Components */ = {
			isa = PBXGroup;
			children = (
				A2000011 /* WelcomeView.swift */,
				A2000017 /* MarkdownView.swift */,
				A200001A /* AttachmentPreviewView.swift */,
				A200001B /* AttachmentDisplayView.swift */,
				A2000031 /* UpdateBannerView.swift */,
				A2000032 /* ReleaseNotesView.swift */,
			);
			path = Components;
			sourceTree = "<group>";
		};
		A400000C /* Services */ = {
			isa = PBXGroup;
			children = (
				A2000012 /* KeychainService.swift */,
				A200001C /* TitleGenerationService.swift */,
				A2000029 /* DefaultMemoryService.swift */,
				A2000026 /* SecurityScopedBookmarkService.swift */,
				A2000027 /* FileIndexer.swift */,
				A2000028 /* FileRetriever.swift */,
				A200002A /* EmbeddingService.swift */,
				A200002B /* SummaryService.swift */,
				A200002C /* RAGService.swift */,
				A200002E /* ChatGPTImportService.swift */,
				A2000030 /* UpdateCheckService.swift */,
				A400000D /* APIService */,
			);
			path = Services;
			sourceTree = "<group>";
		};
		A400000D /* APIService */ = {
			isa = PBXGroup;
			children = (
				A2000013 /* APIServiceProtocol.swift */,
				A2000014 /* OpenAIService.swift */,
				A2000015 /* AnthropicService.swift */,
				A2000016 /* GoogleAIService.swift */,
			);
			path = APIService;
			sourceTree = "<group>";
		};
		A400000E /* Memory */ = {
			isa = PBXGroup;
			children = (
				A2000020 /* MemoryRow.swift */,
				A2000021 /* MemoryFilterBar.swift */,
				A2000022 /* MemoryPanelView.swift */,
				A2000023 /* MemoryEditorView.swift */,
			);
			path = Memory;
			sourceTree = "<group>";
		};
		A4207438 /* Workspace */ = {
			isa = PBXGroup;
			children = (
				A2DFB60D /* WorkspacePanelView.swift */,
				A2BADB46 /* WorkspaceCreationView.swift */,
				A2B39E0F /* WorkspaceDetailView.swift */,
			);
			path = Workspace;
			sourceTree = "<group>";
		};
/* End PBXGroup section */

/* Begin PBXNativeTarget section */
		A5000001 /* OmniChat */ = {
			isa = PBXNativeTarget;
			buildConfigurationList = A6000001 /* Build configuration list for PBXNativeTarget "OmniChat" */;
			buildPhases = (
				A5000002 /* Sources */,
				A3000001 /* Frameworks */,
				A5000003 /* Resources */,
			);
			buildRules = (
			);
			dependencies = (
			);
			name = OmniChat;
			productName = OmniChat;
			productReference = A2000010 /* OmniChat.app */;
			productType = "com.apple.product-type.application";
		};
/* End PBXNativeTarget section */

/* Begin PBXProject section */
		A7000001 /* Project object */ = {
			isa = PBXProject;
			attributes = {
				BuildIndependentTargetsInParallel = 1;
				LastSwiftUpdateCheck = 1540;
				LastUpgradeCheck = 2620;
				TargetAttributes = {
					A5000001 = {
						CreatedOnToolsVersion = 15.4;
					};
				};
			};
			buildConfigurationList = A6000002 /* Build configuration list for PBXProject "OmniChat" */;
			compatibilityVersion = "Xcode 14.0";
			developmentRegion = en;
			hasScannedForEncodings = 0;
			knownRegions = (
				en,
				Base,
			);
			mainGroup = A4000001;
			productRefGroup = A4000003 /* Products */;
			projectDirPath = "";
			projectRoot = "";
			targets = (
				A5000001 /* OmniChat */,
			);
		};
/* End PBXProject section */

/* Begin PBXResourcesBuildPhase section */
		A5000003 /* Resources */ = {
			isa = PBXResourcesBuildPhase;
			buildActionMask = 2147483647;
			files = (
				A100000E /* Assets.xcassets in Resources */,
			);
			runOnlyForDeploymentPostprocessing = 0;
		};
/* End PBXResourcesBuildPhase section */

/* Begin PBXSourcesBuildPhase section */
		A5000002 /* Sources */ = {
			isa = PBXSourcesBuildPhase;
			buildActionMask = 2147483647;
			files = (
				A1000001 /* OmniChatApp.swift in Sources */,
				A1000002 /* Conversation.swift in Sources */,
				A1000003 /* Message.swift in Sources */,
				A1000004 /* APIProvider.swift in Sources */,
				A1000005 /* MainView.swift in Sources */,
				A1000006 /* SidebarView.swift in Sources */,
				A1000007 /* ConversationRow.swift in Sources */,
				A1000008 /* ChatView.swift in Sources */,
				A1000009 /* MessageView.swift in Sources */,
				A100000A /* MessageInputView.swift in Sources */,
				A100000B /* ModelSelectorView.swift in Sources */,
				A100000C /* SettingsView.swift in Sources */,
				A100000D /* APIKeyRow.swift in Sources */,
				A100000F /* WelcomeView.swift in Sources */,
				A1000010 /* KeychainService.swift in Sources */,
				A1000011 /* APIServiceProtocol.swift in Sources */,
				A1000012 /* OpenAIService.swift in Sources */,
				A1000013 /* AnthropicService.swift in Sources */,
				A1000014 /* GoogleAIService.swift in Sources */,
				A1000015 /* MarkdownView.swift in Sources */,
				A1000019 /* Attachment.swift in Sources */,
				A100001A /* AttachmentPreviewView.swift in Sources */,
				A100001B /* AttachmentDisplayView.swift in Sources */,
				A100001C /* TitleGenerationService.swift in Sources */,
				A1000029 /* DefaultMemoryService.swift in Sources */,
				A100001D /* MemoryType.swift in Sources */,
				A100001E /* MemoryItem.swift in Sources */,
				A100001F /* Workspace.swift in Sources */,
				A1000025 /* FileIndexEntry.swift in Sources */,
				A1000020 /* MemoryRow.swift in Sources */,
				A1000021 /* MemoryFilterBar.swift in Sources */,
				A1000022 /* MemoryPanelView.swift in Sources */,
				A1000023 /* MemoryEditorView.swift in Sources */,
				A1000024 /* ChatMemoryContextView.swift in Sources */,
				A1000026 /* SecurityScopedBookmarkService.swift in Sources */,
				A1000027 /* FileIndexer.swift in Sources */,
				A1000028 /* FileRetriever.swift in Sources */,
				A17B4A5B /* WorkspacePanelView.swift in Sources */,
				A199A2B2 /* WorkspaceCreationView.swift in Sources */,
				A1C222CC /* WorkspaceDetailView.swift in Sources */,
				A100002A /* EmbeddingService.swift in Sources */,
				A100002B /* SummaryService.swift in Sources */,
				A100002C /* RAGService.swift in Sources */,
				A100002D /* ChatGPTExportModels.swift in Sources */,
				A100002E /* ChatGPTImportService.swift in Sources */,
				A100002F /* ImportDataView.swift in Sources */,
				A1000030 /* UpdateCheckService.swift in Sources */,
				A1000031 /* UpdateBannerView.swift in Sources */,
				A1000032 /* ReleaseNotesView.swift in Sources */,
			);
			runOnlyForDeploymentPostprocessing = 0;
		};
/* End PBXSourcesBuildPhase section */

/* Begin XCBuildConfiguration section */
		A8000001 /* Debug */ = {
			isa = XCBuildConfiguration;
			buildSettings = {
				ALWAYS_SEARCH_USER_PATHS = NO;
				ASSETCATALOG_COMPILER_GENERATE_SWIFT_ASSET_SYMBOL_EXTENSIONS = YES;
				CLANG_ANALYZER_NONNULL = YES;
				CLANG_ANALYZER_NUMBER_OBJECT_CONVERSION = YES_AGGRESSIVE;
				CLANG_CXX_LANGUAGE_STANDARD = "gnu++20";
				CLANG_ENABLE_MODULES = YES;
				CLANG_ENABLE_OBJC_ARC = YES;
				CLANG_ENABLE_OBJC_WEAK = YES;
				CLANG_WARN_BLOCK_CAPTURE_AUTORELEASING = YES;
				CLANG_WARN_BOOL_CONVERSION = YES;
				CLANG_WARN_COMMA = YES;
				CLANG_WARN_CONSTANT_CONVERSION = YES;
				CLANG_WARN_DEPRECATED_OBJC_IMPLEMENTATIONS = YES;
				CLANG_WARN_DIRECT_OBJC_ISA_USAGE = YES_ERROR;
				CLANG_WARN_DOCUMENTATION_COMMENTS = YES;
				CLANG_WARN_EMPTY_BODY = YES;
				CLANG_WARN_ENUM_CONVERSION = YES;
				CLANG_WARN_INFINITE_RECURSION = YES;
				CLANG_WARN_INT_CONVERSION = YES;
				CLANG_WARN_NON_LITERAL_NULL_CONVERSION = YES;
				CLANG_WARN_OBJC_IMPLICIT_RETAIN_SELF = YES;
				CLANG_WARN_OBJC_LITERAL_CONVERSION = YES;
				CLANG_WARN_OBJC_ROOT_CLASS = YES_ERROR;
				CLANG_WARN_QUOTED_INCLUDE_IN_FRAMEWORK_HEADER = YES;
				CLANG_WARN_RANGE_LOOP_ANALYSIS = YES;
				CLANG_WARN_STRICT_PROTECTS = YES;
				CLANG_WARN_SUSPICIOUS_MOVE = YES;
				CLANG_WARN_UNGUARDED_AVAILABILITY = YES_AGGRESSIVE;
				CLANG_WARN_UNREACHABLE_CODE = YES;
				CLANG_WARN__DUPLICATE_METHOD_MATCH = YES;
				COPY_PHASE_STRIP = NO;
				DEAD_CODE_STRIPPING = YES;
				DEBUG_INFORMATION_FORMAT = dwarf;
				ENABLE_STRICT_OBJC_MSGSEND = YES;
				ENABLE_TESTABILITY = YES;
				ENABLE_USER_SCRIPT_SANDBOXING = YES;
				GCC_C_LANGUAGE_STANDARD = gnu17;
				GCC_DYNAMIC_NO_PIC = NO;
				GCC_NO_COMMON_BLOCKS = YES;
				GCC_OPTIMIZATION_LEVEL = 0;
				GCC_PREPROCESSOR_DEFINITIONS = (
					"DEBUG=1",
					"$(inherited)",
				);
				GCC_WARN_64_TO_32_BIT_CONVERSION = YES;
				GCC_WARN_ABOUT_RETURN_TYPE = YES_ERROR;
				GCC_WARN_UNDECLARED_SELECTOR = YES;
				GCC_WARN_UNINITIALIZED_AUTOS = YES_AGGRESSIVE;
				GCC_WARN_UNUSED_FUNCTION = YES;
				GCC_WARN_UNUSED_VARIABLE = YES;
				LOCALIZATION_PREFERS_STRING_CATALOGS = YES;
				MACOSX_DEPLOYMENT_TARGET = 14.0;
				MTL_ENABLE_DEBUG_INFO = INCLUDE_SOURCE;
				MTL_FAST_MATH = YES;
				ONLY_ACTIVE_ARCH = YES;
				SDKROOT = macosx;
				STRING_CATALOG_GENERATE_SYMBOLS = YES;
				SWIFT_ACTIVE_COMPILATION_CONDITIONS = "DEBUG $(inherited)";
				SWIFT_OPTIMIZATION_LEVEL = "-Onone";
			};
			name = Debug;
		};
		A8000002 /* Release */ = {
			isa = XCBuildConfiguration;
			buildSettings = {
				ALWAYS_SEARCH_USER_PATHS = NO;
				ASSETCATALOG_COMPILER_GENERATE_SWIFT_ASSET_SYMBOL_EXTENSIONS = YES;
				CLANG_ANALYZER_NONNULL = YES;
				CLANG_ANALYZER_NUMBER_OBJECT_CONVERSION = YES_AGGRESSIVE;
				CLANG_CXX_LANGUAGE_STANDARD = "gnu++20";
				CLANG_ENABLE_MODULES = YES;
				CLANG_ENABLE_OBJC_ARC = YES;
				CLANG_ENABLE_OBJC_WEAK = YES;
				CLANG_WARN_BLOCK_CAPTURE_AUTORELEASING = YES;
				CLANG_WARN_BOOL_CONVERSION = YES;
				CLANG_WARN_COMMA = YES;
				CLANG_WARN_CONSTANT_CONVERSION = YES;
				CLANG_WARN_DEPRECATED_OBJC_IMPLEMENTATIONS = YES;
				CLANG_WARN_DIRECT_OBJC_ISA_USAGE = YES_ERROR;
				CLANG_WARN_DOCUMENTATION_COMMENTS = YES;
				CLANG_WARN_EMPTY_BODY = YES;
				CLANG_WARN_ENUM_CONVERSION = YES;
				CLANG_WARN_INFINITE_RECURSION = YES;
				CLANG_WARN_INT_CONVERSION = YES;
				CLANG_WARN_NON_LITERAL_NULL_CONVERSION = YES;
				CLANG_WARN_OBJC_IMPLICIT_RETAIN_SELF = YES;
				CLANG_WARN_OBJC_LITERAL_CONVERSION = YES;
				CLANG_WARN_OBJC_ROOT_CLASS = YES_ERROR;
				CLANG_WARN_QUOTED_INCLUDE_IN_FRAMEWORK_HEADER = YES;
				CLANG_WARN_RANGE_LOOP_ANALYSIS = YES;
				CLANG_WARN_STRICT_PROTOTYPES = YES;
				CLANG_WARN_SUSPICIOUS_MOVE = YES;
				CLANG_WARN_UNGUARDED_AVAILABILITY = YES_AGGRESSIVE;
				CLANG_WARN_UNREACHABLE_CODE = YES;
				CLANG_WARN__DUPLICATE_METHOD_MATCH = YES;
				COPY_PHASE_STRIP = NO;
				DEAD_CODE_STRIPPING = YES;
				DEBUG_INFORMATION_FORMAT = "dwarf-with-dsym";
				ENABLE_NS_ASSERTIONS = NO;
				ENABLE_STRICT_OBJC_MSGSEND = YES;
				ENABLE_USER_SCRIPT_SANDBOXING = YES;
				GCC_C_LANGUAGE_STANDARD = gnu17;
				GCC_NO_COMMON_BLOCKS = YES;
				GCC_WARN_64_TO_32_BIT_CONVERSION = YES;
				GCC_WARN_ABOUT_RETURN_TYPE = YES_ERROR;
				GCC_WARN_UNDECLARED_SELECTOR = YES;
				GCC_WARN_UNINITIALIZED_AUTOS = YES_AGGRESSIVE;
				GCC_WARN_UNUSED_FUNCTION = YES;
				GCC_WARN_UNUSED_VARIABLE = YES;
				LOCALIZATION_PREFERS_STRING_CATALOGS = YES;
				MACOSX_DEPLOYMENT_TARGET = 14.0;
				MTL_ENABLE_DEBUG_INFO = NO;
				MTL_FAST_MATH = YES;
				SDKROOT = macosx;
				STRING_CATALOG_GENERATE_SYMBOLS = YES;
				SWIFT_COMPILATION_MODE = wholemodule;
			};
			name = Release;
		};
		A8000003 /* Debug */ = {
			isa = XCBuildConfiguration;
			buildSettings = {
				ASSETCATALOG_COMPILER_APPICON_NAME = AppIcon;
				ASSETCATALOG_COMPILER_GLOBAL_ACCENT_COLOR_NAME = AccentColor;
				ASSETCATALOG_COMPILER_INCLUDE_ALL_APPICON_ASSETS = YES;
				CODE_SIGN_ENTITLEMENTS = OmniChat/OmniChat.entitlements;
				CODE_SIGN_STYLE = Automatic;
				COMBINE_HIDPI_IMAGES = YES;
				CURRENT_PROJECT_VERSION = 1;
				DEAD_CODE_STRIPPING = YES;
				DEVELOPMENT_TEAM = "";
				ENABLE_APP_SANDBOX = YES;
				ENABLE_HARDENED_RUNTIME = YES;
				ENABLE_OUTGOING_NETWORK_CONNECTIONS = YES;
				GENERATE_INFOPLIST_FILE = YES;
				INFOPLIST_KEY_CFBundleDisplayName = OmniChat;
				INFOPLIST_KEY_LSApplicationCategoryType = "public.app-category.productivity";
				INFOPLIST_KEY_NSHumanReadableCopyright = "";
				LD_RUNPATH_SEARCH_PATHS = (
					"$(inherited)",
					"@executable_path/../Frameworks",
				);
				MARKETING_VERSION = 0.3.2-beta;
				PRODUCT_BUNDLE_IDENTIFIER = com.omnichat.app;
				PRODUCT_NAME = "$(TARGET_NAME)";
				SWIFT_EMIT_LOC_STRINGS = YES;
				SWIFT_VERSION = 5.0;
			};
			name = Debug;
		};
		A8000004 /* Release */ = {
			isa = XCBuildConfiguration;
			buildSettings = {
				ASSETCATALOG_COMPILER_APPICON_NAME = AppIcon;
				ASSETCATALOG_COMPILER_GLOBAL_ACCENT_COLOR_NAME = AccentColor;
				ASSETCATALOG_COMPILER_INCLUDE_ALL_APPICON_ASSETS = YES;
				CODE_SIGN_ENTITLEMENTS = OmniChat/OmniChat.entitlements;
				CODE_SIGN_STYLE = Automatic;
				COMBINE_HIDPI_IMAGES = YES;
				CURRENT_PROJECT_VERSION = 1;
				DEAD_CODE_STRIPPING = YES;
				DEVELOPMENT_TEAM = "";
				ENABLE_APP_SANDBOX = YES;
				ENABLE_HARDENED_RUNTIME = YES;
				ENABLE_OUTGOING_NETWORK_CONNECTIONS = YES;
				GENERATE_INFOPLIST_FILE = YES;
				INFOPLIST_KEY_CFBundleDisplayName = OmniChat;
				INFOPLIST_KEY_LSApplicationCategoryType = "public.app-category.productivity";
				INFOPLIST_KEY_NSHumanReadableCopyright = "";
				LD_RUNPATH_SEARCH_PATHS = (
					"$(inherited)",
					"@executable_path/../Frameworks",
				);
				MARKETING_VERSION = 0.3.2-beta;
				PRODUCT_BUNDLE_IDENTIFIER = com.omnichat.app;
				PRODUCT_NAME = "$(TARGET_NAME)";
				SWIFT_EMIT_LOC_STRINGS = YES;
				SWIFT_VERSION = 5.0;
			};
			name = Release;
		};
/* End XCBuildConfiguration section */

/* Begin XCConfigurationList section */
		A6000001 /* Build configuration list for PBXNativeTarget "OmniChat" */ = {
			isa = XCConfigurationList;
			buildConfigurations = (
				A8000003 /* Debug */,
				A8000004 /* Release */,
			);
			defaultConfigurationIsVisible = 0;
			defaultConfigurationName = Release;
		};
		A6000002 /* Build configuration list for PBXProject "OmniChat" */ = {
			isa = XCConfigurationList;
			buildConfigurations = (
				A8000001 /* Debug */,
				A8000002 /* Release */,
			);
			defaultConfigurationIsVisible = 0;
			defaultConfigurationName = Release;
		};
/* End XCConfigurationList section */
	};
	rootObject = A7000001 /* Project object */;
}
